// !$*UTF8*$!
{
	archiveVersion = 1;
	classes = {
	};
	objectVersion = 50;
	objects = {

/* Begin PBXBuildFile section */
		CB14B95921B39C780013A85F /* FoundationExtension.framework in Frameworks */ = {isa = PBXBuildFile; fileRef = CB14B95821B39C780013A85F /* FoundationExtension.framework */; };
		CBF2A9E021B02A010020D4CD /* APIDefinition.framework in Frameworks */ = {isa = PBXBuildFile; fileRef = CBF2A9D621B02A000020D4CD /* APIDefinition.framework */; };
		CBF2A9E521B02A010020D4CD /* APIDefinitionTests.swift in Sources */ = {isa = PBXBuildFile; fileRef = CBF2A9E421B02A010020D4CD /* APIDefinitionTests.swift */; };
		CBF2A9E721B02A010020D4CD /* APIDefinition.h in Headers */ = {isa = PBXBuildFile; fileRef = CBF2A9D921B02A000020D4CD /* APIDefinition.h */; settings = {ATTRIBUTES = (Public, ); }; };
		CBF2A9F121B02A9A0020D4CD /* APIDefinition.swift in Sources */ = {isa = PBXBuildFile; fileRef = CBF2A9F021B02A9A0020D4CD /* APIDefinition.swift */; };
		CBF2A9F621B031070020D4CD /* HTTPMethod.swift in Sources */ = {isa = PBXBuildFile; fileRef = CBF2A9F521B031070020D4CD /* HTTPMethod.swift */; };
		E470C99A21B7A716001438D5 /* APIDefinitionStub.swift in Sources */ = {isa = PBXBuildFile; fileRef = E470C99921B7A716001438D5 /* APIDefinitionStub.swift */; };
		E470C99C21B7AC38001438D5 /* APIDefinitionResultStub.swift in Sources */ = {isa = PBXBuildFile; fileRef = E470C99B21B7AC38001438D5 /* APIDefinitionResultStub.swift */; };
		E470C99E21B7AF34001438D5 /* APIDefinitionEmptyErrorStub.swift in Sources */ = {isa = PBXBuildFile; fileRef = E470C99D21B7AF34001438D5 /* APIDefinitionEmptyErrorStub.swift */; };
/* End PBXBuildFile section */

/* Begin PBXContainerItemProxy section */
		CBF2A9E121B02A010020D4CD /* PBXContainerItemProxy */ = {
			isa = PBXContainerItemProxy;
			containerPortal = CBF2A9CD21B02A000020D4CD /* Project object */;
			proxyType = 1;
			remoteGlobalIDString = CBF2A9D521B02A000020D4CD;
			remoteInfo = APIDefinition;
		};
/* End PBXContainerItemProxy section */

/* Begin PBXFileReference section */
		CB14B95821B39C780013A85F /* FoundationExtension.framework */ = {isa = PBXFileReference; explicitFileType = wrapper.framework; path = FoundationExtension.framework; sourceTree = BUILT_PRODUCTS_DIR; };
		CBF2A9D621B02A000020D4CD /* APIDefinition.framework */ = {isa = PBXFileReference; explicitFileType = wrapper.framework; includeInIndex = 0; path = APIDefinition.framework; sourceTree = BUILT_PRODUCTS_DIR; };
		CBF2A9D921B02A000020D4CD /* APIDefinition.h */ = {isa = PBXFileReference; lastKnownFileType = sourcecode.c.h; path = APIDefinition.h; sourceTree = "<group>"; };
		CBF2A9DA21B02A000020D4CD /* Info.plist */ = {isa = PBXFileReference; lastKnownFileType = text.plist.xml; path = Info.plist; sourceTree = "<group>"; };
		CBF2A9DF21B02A010020D4CD /* APIDefinitionTests.xctest */ = {isa = PBXFileReference; explicitFileType = wrapper.cfbundle; includeInIndex = 0; path = APIDefinitionTests.xctest; sourceTree = BUILT_PRODUCTS_DIR; };
		CBF2A9E421B02A010020D4CD /* APIDefinitionTests.swift */ = {isa = PBXFileReference; lastKnownFileType = sourcecode.swift; path = APIDefinitionTests.swift; sourceTree = "<group>"; };
		CBF2A9E621B02A010020D4CD /* Info.plist */ = {isa = PBXFileReference; lastKnownFileType = text.plist.xml; path = Info.plist; sourceTree = "<group>"; };
		CBF2A9F021B02A9A0020D4CD /* APIDefinition.swift */ = {isa = PBXFileReference; lastKnownFileType = sourcecode.swift; path = APIDefinition.swift; sourceTree = "<group>"; };
		CBF2A9F521B031070020D4CD /* HTTPMethod.swift */ = {isa = PBXFileReference; lastKnownFileType = sourcecode.swift; path = HTTPMethod.swift; sourceTree = "<group>"; };
		E470C99921B7A716001438D5 /* APIDefinitionStub.swift */ = {isa = PBXFileReference; lastKnownFileType = sourcecode.swift; path = APIDefinitionStub.swift; sourceTree = "<group>"; };
		E470C99B21B7AC38001438D5 /* APIDefinitionResultStub.swift */ = {isa = PBXFileReference; lastKnownFileType = sourcecode.swift; path = APIDefinitionResultStub.swift; sourceTree = "<group>"; };
		E470C99D21B7AF34001438D5 /* APIDefinitionEmptyErrorStub.swift */ = {isa = PBXFileReference; lastKnownFileType = sourcecode.swift; path = APIDefinitionEmptyErrorStub.swift; sourceTree = "<group>"; };
/* End PBXFileReference section */

/* Begin PBXFrameworksBuildPhase section */
		CBF2A9D321B02A000020D4CD /* Frameworks */ = {
			isa = PBXFrameworksBuildPhase;
			buildActionMask = 2147483647;
			files = (
				CB14B95921B39C780013A85F /* FoundationExtension.framework in Frameworks */,
			);
			runOnlyForDeploymentPostprocessing = 0;
		};
		CBF2A9DC21B02A010020D4CD /* Frameworks */ = {
			isa = PBXFrameworksBuildPhase;
			buildActionMask = 2147483647;
			files = (
				CBF2A9E021B02A010020D4CD /* APIDefinition.framework in Frameworks */,
			);
			runOnlyForDeploymentPostprocessing = 0;
		};
/* End PBXFrameworksBuildPhase section */

/* Begin PBXGroup section */
		CB14B95721B39C780013A85F /* Frameworks */ = {
			isa = PBXGroup;
			children = (
				CB14B95821B39C780013A85F /* FoundationExtension.framework */,
			);
			name = Frameworks;
			sourceTree = "<group>";
		};
		CBF2A9CC21B02A000020D4CD = {
			isa = PBXGroup;
			children = (
				CBF2A9D821B02A000020D4CD /* APIDefinition */,
				CBF2A9E321B02A010020D4CD /* APIDefinitionTests */,
				CBF2A9D721B02A000020D4CD /* Products */,
				CB14B95721B39C780013A85F /* Frameworks */,
			);
			sourceTree = "<group>";
		};
		CBF2A9D721B02A000020D4CD /* Products */ = {
			isa = PBXGroup;
			children = (
				CBF2A9D621B02A000020D4CD /* APIDefinition.framework */,
				CBF2A9DF21B02A010020D4CD /* APIDefinitionTests.xctest */,
			);
			name = Products;
			sourceTree = "<group>";
		};
		CBF2A9D821B02A000020D4CD /* APIDefinition */ = {
			isa = PBXGroup;
			children = (
				CBF2A9D921B02A000020D4CD /* APIDefinition.h */,
				CBF2A9DA21B02A000020D4CD /* Info.plist */,
				CBF2A9F221B02A9E0020D4CD /* Source */,
			);
			path = APIDefinition;
			sourceTree = "<group>";
		};
		CBF2A9E321B02A010020D4CD /* APIDefinitionTests */ = {
			isa = PBXGroup;
			children = (
				E470C99821B7A6F5001438D5 /* APIDefinitionStub */,
				CBF2A9E621B02A010020D4CD /* Info.plist */,
			);
			path = APIDefinitionTests;
			sourceTree = "<group>";
		};
		CBF2A9F221B02A9E0020D4CD /* Source */ = {
			isa = PBXGroup;
			children = (
				CBF2A9F021B02A9A0020D4CD /* APIDefinition.swift */,
				CBF2A9F521B031070020D4CD /* HTTPMethod.swift */,
			);
			path = Source;
			sourceTree = "<group>";
		};
		E470C99821B7A6F5001438D5 /* APIDefinitionStub */ = {
			isa = PBXGroup;
			children = (
				CBF2A9E421B02A010020D4CD /* APIDefinitionTests.swift */,
				E470C99921B7A716001438D5 /* APIDefinitionStub.swift */,
				E470C99B21B7AC38001438D5 /* APIDefinitionResultStub.swift */,
				E470C99D21B7AF34001438D5 /* APIDefinitionEmptyErrorStub.swift */,
			);
			path = APIDefinitionStub;
			sourceTree = "<group>";
		};
/* End PBXGroup section */

/* Begin PBXHeadersBuildPhase section */
		CBF2A9D121B02A000020D4CD /* Headers */ = {
			isa = PBXHeadersBuildPhase;
			buildActionMask = 2147483647;
			files = (
				CBF2A9E721B02A010020D4CD /* APIDefinition.h in Headers */,
			);
			runOnlyForDeploymentPostprocessing = 0;
		};
/* End PBXHeadersBuildPhase section */

/* Begin PBXNativeTarget section */
		CBF2A9D521B02A000020D4CD /* APIDefinition */ = {
			isa = PBXNativeTarget;
			buildConfigurationList = CBF2A9EA21B02A010020D4CD /* Build configuration list for PBXNativeTarget "APIDefinition" */;
			buildPhases = (
				CBF2A9D121B02A000020D4CD /* Headers */,
				CBF2A9D221B02A000020D4CD /* Sources */,
				CBF2A9D321B02A000020D4CD /* Frameworks */,
				CBF2A9D421B02A000020D4CD /* Resources */,
			);
			buildRules = (
			);
			dependencies = (
			);
			name = APIDefinition;
			productName = APIDefinition;
			productReference = CBF2A9D621B02A000020D4CD /* APIDefinition.framework */;
			productType = "com.apple.product-type.framework";
		};
		CBF2A9DE21B02A010020D4CD /* APIDefinitionTests */ = {
			isa = PBXNativeTarget;
			buildConfigurationList = CBF2A9ED21B02A010020D4CD /* Build configuration list for PBXNativeTarget "APIDefinitionTests" */;
			buildPhases = (
				CBF2A9DB21B02A010020D4CD /* Sources */,
				CBF2A9DC21B02A010020D4CD /* Frameworks */,
				CBF2A9DD21B02A010020D4CD /* Resources */,
			);
			buildRules = (
			);
			dependencies = (
				CBF2A9E221B02A010020D4CD /* PBXTargetDependency */,
			);
			name = APIDefinitionTests;
			productName = APIDefinitionTests;
			productReference = CBF2A9DF21B02A010020D4CD /* APIDefinitionTests.xctest */;
			productType = "com.apple.product-type.bundle.unit-test";
		};
/* End PBXNativeTarget section */

/* Begin PBXProject section */
		CBF2A9CD21B02A000020D4CD /* Project object */ = {
			isa = PBXProject;
			attributes = {
				LastSwiftUpdateCheck = 1010;
				LastUpgradeCheck = 1010;
				ORGANIZATIONNAME = minsone;
				TargetAttributes = {
					CBF2A9D521B02A000020D4CD = {
						CreatedOnToolsVersion = 10.1;
						LastSwiftMigration = 1010;
					};
					CBF2A9DE21B02A010020D4CD = {
						CreatedOnToolsVersion = 10.1;
					};
				};
			};
			buildConfigurationList = CBF2A9D021B02A000020D4CD /* Build configuration list for PBXProject "APIDefinition" */;
			compatibilityVersion = "Xcode 9.3";
			developmentRegion = en;
			hasScannedForEncodings = 0;
			knownRegions = (
				en,
			);
			mainGroup = CBF2A9CC21B02A000020D4CD;
			productRefGroup = CBF2A9D721B02A000020D4CD /* Products */;
			projectDirPath = "";
			projectRoot = "";
			targets = (
				CBF2A9D521B02A000020D4CD /* APIDefinition */,
				CBF2A9DE21B02A010020D4CD /* APIDefinitionTests */,
			);
		};
/* End PBXProject section */

/* Begin PBXResourcesBuildPhase section */
		CBF2A9D421B02A000020D4CD /* Resources */ = {
			isa = PBXResourcesBuildPhase;
			buildActionMask = 2147483647;
			files = (
			);
			runOnlyForDeploymentPostprocessing = 0;
		};
		CBF2A9DD21B02A010020D4CD /* Resources */ = {
			isa = PBXResourcesBuildPhase;
			buildActionMask = 2147483647;
			files = (
			);
			runOnlyForDeploymentPostprocessing = 0;
		};
/* End PBXResourcesBuildPhase section */

/* Begin PBXSourcesBuildPhase section */
		CBF2A9D221B02A000020D4CD /* Sources */ = {
			isa = PBXSourcesBuildPhase;
			buildActionMask = 2147483647;
			files = (
				CBF2A9F121B02A9A0020D4CD /* APIDefinition.swift in Sources */,
				CBF2A9F621B031070020D4CD /* HTTPMethod.swift in Sources */,
			);
			runOnlyForDeploymentPostprocessing = 0;
		};
		CBF2A9DB21B02A010020D4CD /* Sources */ = {
			isa = PBXSourcesBuildPhase;
			buildActionMask = 2147483647;
			files = (
				CBF2A9E521B02A010020D4CD /* APIDefinitionTests.swift in Sources */,
				E470C99C21B7AC38001438D5 /* APIDefinitionResultStub.swift in Sources */,
				E470C99E21B7AF34001438D5 /* APIDefinitionEmptyErrorStub.swift in Sources */,
				E470C99A21B7A716001438D5 /* APIDefinitionStub.swift in Sources */,
			);
			runOnlyForDeploymentPostprocessing = 0;
		};
/* End PBXSourcesBuildPhase section */

/* Begin PBXTargetDependency section */
		CBF2A9E221B02A010020D4CD /* PBXTargetDependency */ = {
			isa = PBXTargetDependency;
			target = CBF2A9D521B02A000020D4CD /* APIDefinition */;
			targetProxy = CBF2A9E121B02A010020D4CD /* PBXContainerItemProxy */;
		};
/* End PBXTargetDependency section */

/* Begin XCBuildConfiguration section */
		CBF2A9E821B02A010020D4CD /* Debug */ = {
			isa = XCBuildConfiguration;
			buildSettings = {
				ALWAYS_SEARCH_USER_PATHS = NO;
				CLANG_ANALYZER_NONNULL = YES;
				CLANG_ANALYZER_NUMBER_OBJECT_CONVERSION = YES_AGGRESSIVE;
				CLANG_CXX_LANGUAGE_STANDARD = "gnu++14";
				CLANG_CXX_LIBRARY = "libc++";
				CLANG_ENABLE_MODULES = YES;
				CLANG_ENABLE_OBJC_ARC = YES;
				CLANG_ENABLE_OBJC_WEAK = YES;
				CLANG_WARN_BLOCK_CAPTURE_AUTORELEASING = YES;
				CLANG_WARN_BOOL_CONVERSION = YES;
				CLANG_WARN_COMMA = YES;
				CLANG_WARN_CONSTANT_CONVERSION = YES;
				CLANG_WARN_DEPRECATED_OBJC_IMPLEMENTATIONS = YES;
				CLANG_WARN_DIRECT_OBJC_ISA_USAGE = YES_ERROR;
				CLANG_WARN_DOCUMENTATION_COMMENTS = YES;
				CLANG_WARN_EMPTY_BODY = YES;
				CLANG_WARN_ENUM_CONVERSION = YES;
				CLANG_WARN_INFINITE_RECURSION = YES;
				CLANG_WARN_INT_CONVERSION = YES;
				CLANG_WARN_NON_LITERAL_NULL_CONVERSION = YES;
				CLANG_WARN_OBJC_IMPLICIT_RETAIN_SELF = YES;
				CLANG_WARN_OBJC_LITERAL_CONVERSION = YES;
				CLANG_WARN_OBJC_ROOT_CLASS = YES_ERROR;
				CLANG_WARN_RANGE_LOOP_ANALYSIS = YES;
				CLANG_WARN_STRICT_PROTOTYPES = YES;
				CLANG_WARN_SUSPICIOUS_MOVE = YES;
				CLANG_WARN_UNGUARDED_AVAILABILITY = YES_AGGRESSIVE;
				CLANG_WARN_UNREACHABLE_CODE = YES;
				CLANG_WARN__DUPLICATE_METHOD_MATCH = YES;
				CODE_SIGN_IDENTITY = "iPhone Developer";
				COPY_PHASE_STRIP = NO;
				CURRENT_PROJECT_VERSION = 1;
				DEBUG_INFORMATION_FORMAT = dwarf;
				ENABLE_STRICT_OBJC_MSGSEND = YES;
				ENABLE_TESTABILITY = YES;
				GCC_C_LANGUAGE_STANDARD = gnu11;
				GCC_DYNAMIC_NO_PIC = NO;
				GCC_NO_COMMON_BLOCKS = YES;
				GCC_OPTIMIZATION_LEVEL = 0;
				GCC_PREPROCESSOR_DEFINITIONS = (
					"DEBUG=1",
					"$(inherited)",
				);
				GCC_WARN_64_TO_32_BIT_CONVERSION = YES;
				GCC_WARN_ABOUT_RETURN_TYPE = YES_ERROR;
				GCC_WARN_UNDECLARED_SELECTOR = YES;
				GCC_WARN_UNINITIALIZED_AUTOS = YES_AGGRESSIVE;
				GCC_WARN_UNUSED_FUNCTION = YES;
				GCC_WARN_UNUSED_VARIABLE = YES;
				IPHONEOS_DEPLOYMENT_TARGET = 12.1;
				MTL_ENABLE_DEBUG_INFO = INCLUDE_SOURCE;
				MTL_FAST_MATH = YES;
				ONLY_ACTIVE_ARCH = YES;
				SDKROOT = iphoneos;
				SWIFT_ACTIVE_COMPILATION_CONDITIONS = DEBUG;
				SWIFT_OPTIMIZATION_LEVEL = "-Onone";
				VERSIONING_SYSTEM = "apple-generic";
				VERSION_INFO_PREFIX = "";
			};
			name = Debug;
		};
		CBF2A9E921B02A010020D4CD /* Release */ = {
			isa = XCBuildConfiguration;
			buildSettings = {
				ALWAYS_SEARCH_USER_PATHS = NO;
				CLANG_ANALYZER_NONNULL = YES;
				CLANG_ANALYZER_NUMBER_OBJECT_CONVERSION = YES_AGGRESSIVE;
				CLANG_CXX_LANGUAGE_STANDARD = "gnu++14";
				CLANG_CXX_LIBRARY = "libc++";
				CLANG_ENABLE_MODULES = YES;
				CLANG_ENABLE_OBJC_ARC = YES;
				CLANG_ENABLE_OBJC_WEAK = YES;
				CLANG_WARN_BLOCK_CAPTURE_AUTORELEASING = YES;
				CLANG_WARN_BOOL_CONVERSION = YES;
				CLANG_WARN_COMMA = YES;
				CLANG_WARN_CONSTANT_CONVERSION = YES;
				CLANG_WARN_DEPRECATED_OBJC_IMPLEMENTATIONS = YES;
				CLANG_WARN_DIRECT_OBJC_ISA_USAGE = YES_ERROR;
				CLANG_WARN_DOCUMENTATION_COMMENTS = YES;
				CLANG_WARN_EMPTY_BODY = YES;
				CLANG_WARN_ENUM_CONVERSION = YES;
				CLANG_WARN_INFINITE_RECURSION = YES;
				CLANG_WARN_INT_CONVERSION = YES;
				CLANG_WARN_NON_LITERAL_NULL_CONVERSION = YES;
				CLANG_WARN_OBJC_IMPLICIT_RETAIN_SELF = YES;
				CLANG_WARN_OBJC_LITERAL_CONVERSION = YES;
				CLANG_WARN_OBJC_ROOT_CLASS = YES_ERROR;
				CLANG_WARN_RANGE_LOOP_ANALYSIS = YES;
				CLANG_WARN_STRICT_PROTOTYPES = YES;
				CLANG_WARN_SUSPICIOUS_MOVE = YES;
				CLANG_WARN_UNGUARDED_AVAILABILITY = YES_AGGRESSIVE;
				CLANG_WARN_UNREACHABLE_CODE = YES;
				CLANG_WARN__DUPLICATE_METHOD_MATCH = YES;
				CODE_SIGN_IDENTITY = "iPhone Developer";
				COPY_PHASE_STRIP = NO;
				CURRENT_PROJECT_VERSION = 1;
				DEBUG_INFORMATION_FORMAT = "dwarf-with-dsym";
				ENABLE_NS_ASSERTIONS = NO;
				ENABLE_STRICT_OBJC_MSGSEND = YES;
				GCC_C_LANGUAGE_STANDARD = gnu11;
				GCC_NO_COMMON_BLOCKS = YES;
				GCC_WARN_64_TO_32_BIT_CONVERSION = YES;
				GCC_WARN_ABOUT_RETURN_TYPE = YES_ERROR;
				GCC_WARN_UNDECLARED_SELECTOR = YES;
				GCC_WARN_UNINITIALIZED_AUTOS = YES_AGGRESSIVE;
				GCC_WARN_UNUSED_FUNCTION = YES;
				GCC_WARN_UNUSED_VARIABLE = YES;
				IPHONEOS_DEPLOYMENT_TARGET = 12.1;
				MTL_ENABLE_DEBUG_INFO = NO;
				MTL_FAST_MATH = YES;
				SDKROOT = iphoneos;
				SWIFT_COMPILATION_MODE = wholemodule;
				SWIFT_OPTIMIZATION_LEVEL = "-O";
				VALIDATE_PRODUCT = YES;
				VERSIONING_SYSTEM = "apple-generic";
				VERSION_INFO_PREFIX = "";
			};
			name = Release;
		};
		CBF2A9EB21B02A010020D4CD /* Debug */ = {
			isa = XCBuildConfiguration;
			buildSettings = {
				CLANG_ENABLE_MODULES = YES;
				CODE_SIGN_IDENTITY = "";
				CODE_SIGN_STYLE = Automatic;
				DEFINES_MODULE = YES;
				DYLIB_COMPATIBILITY_VERSION = 1;
				DYLIB_CURRENT_VERSION = 1;
				DYLIB_INSTALL_NAME_BASE = "@rpath";
				INFOPLIST_FILE = APIDefinition/Info.plist;
				INSTALL_PATH = "$(LOCAL_LIBRARY_DIR)/Frameworks";
				IPHONEOS_DEPLOYMENT_TARGET = 10.0;
				LD_RUNPATH_SEARCH_PATHS = (
					"$(inherited)",
					"@executable_path/Frameworks",
					"@loader_path/Frameworks",
				);
				PRODUCT_BUNDLE_IDENTIFIER = kr.minsone.APIDefinition;
				PRODUCT_NAME = "$(TARGET_NAME:c99extidentifier)";
				SKIP_INSTALL = YES;
				SWIFT_OPTIMIZATION_LEVEL = "-Onone";
				SWIFT_VERSION = 4.2;
				TARGETED_DEVICE_FAMILY = "1,2";
			};
			name = Debug;
		};
		CBF2A9EC21B02A010020D4CD /* Release */ = {
			isa = XCBuildConfiguration;
			buildSettings = {
				CLANG_ENABLE_MODULES = YES;
				CODE_SIGN_IDENTITY = "";
				CODE_SIGN_STYLE = Automatic;
				DEFINES_MODULE = YES;
				DYLIB_COMPATIBILITY_VERSION = 1;
				DYLIB_CURRENT_VERSION = 1;
				DYLIB_INSTALL_NAME_BASE = "@rpath";
				INFOPLIST_FILE = APIDefinition/Info.plist;
				INSTALL_PATH = "$(LOCAL_LIBRARY_DIR)/Frameworks";
				IPHONEOS_DEPLOYMENT_TARGET = 10.0;
				LD_RUNPATH_SEARCH_PATHS = (
					"$(inherited)",
					"@executable_path/Frameworks",
					"@loader_path/Frameworks",
				);
				PRODUCT_BUNDLE_IDENTIFIER = kr.minsone.APIDefinition;
				PRODUCT_NAME = "$(TARGET_NAME:c99extidentifier)";
				SKIP_INSTALL = YES;
				SWIFT_VERSION = 4.2;
				TARGETED_DEVICE_FAMILY = "1,2";
			};
			name = Release;
		};
		CBF2A9EE21B02A010020D4CD /* Debug */ = {
			isa = XCBuildConfiguration;
			buildSettings = {
				ALWAYS_EMBED_SWIFT_STANDARD_LIBRARIES = YES;
				CODE_SIGN_STYLE = Automatic;
				INFOPLIST_FILE = APIDefinitionTests/Info.plist;
				LD_RUNPATH_SEARCH_PATHS = (
					"$(inherited)",
					"@executable_path/Frameworks",
					"@loader_path/Frameworks",
				);
				PRODUCT_BUNDLE_IDENTIFIER = kr.minsone.APIDefinitionTests;
				PRODUCT_NAME = "$(TARGET_NAME)";
				SWIFT_VERSION = 4.2;
				TARGETED_DEVICE_FAMILY = "1,2";
			};
			name = Debug;
		};
		CBF2A9EF21B02A010020D4CD /* Release */ = {
			isa = XCBuildConfiguration;
			buildSettings = {
				ALWAYS_EMBED_SWIFT_STANDARD_LIBRARIES = YES;
				CODE_SIGN_STYLE = Automatic;
				INFOPLIST_FILE = APIDefinitionTests/Info.plist;
				LD_RUNPATH_SEARCH_PATHS = (
					"$(inherited)",
					"@executable_path/Frameworks",
					"@loader_path/Frameworks",
				);
				PRODUCT_BUNDLE_IDENTIFIER = kr.minsone.APIDefinitionTests;
				PRODUCT_NAME = "$(TARGET_NAME)";
				SWIFT_VERSION = 4.2;
				TARGETED_DEVICE_FAMILY = "1,2";
			};
			name = Release;
		};
/* End XCBuildConfiguration section */

/* Begin XCConfigurationList section */
		CBF2A9D021B02A000020D4CD /* Build configuration list for PBXProject "APIDefinition" */ = {
			isa = XCConfigurationList;
			buildConfigurations = (
				CBF2A9E821B02A010020D4CD /* Debug */,
				CBF2A9E921B02A010020D4CD /* Release */,
			);
			defaultConfigurationIsVisible = 0;
			defaultConfigurationName = Release;
		};
		CBF2A9EA21B02A010020D4CD /* Build configuration list for PBXNativeTarget "APIDefinition" */ = {
			isa = XCConfigurationList;
			buildConfigurations = (
				CBF2A9EB21B02A010020D4CD /* Debug */,
				CBF2A9EC21B02A010020D4CD /* Release */,
			);
			defaultConfigurationIsVisible = 0;
			defaultConfigurationName = Release;
		};
		CBF2A9ED21B02A010020D4CD /* Build configuration list for PBXNativeTarget "APIDefinitionTests" */ = {
			isa = XCConfigurationList;
			buildConfigurations = (
				CBF2A9EE21B02A010020D4CD /* Debug */,
				CBF2A9EF21B02A010020D4CD /* Release */,
			);
			defaultConfigurationIsVisible = 0;
			defaultConfigurationName = Release;
		};
/* End XCConfigurationList section */
	};
	rootObject = CBF2A9CD21B02A000020D4CD /* Project object */;
}
