// !$*UTF8*$!
{
	archiveVersion = 1;
	classes = {
	};
	objectVersion = 46;
	objects = {

/* Begin PBXBuildFile section */
		BF_1923445AD035869013ECA67242F9435D /* DifferenceKit.framework in Frameworks */ = {isa = PBXBuildFile; fileRef = FR_89D3B039912CC6871139FE0619606076 /* DifferenceKit.framework */; };
		CBB0538721B3BE1E00BDDC2B /* API+ServiceFeedsPhotosPublic.swift in Sources */ = {isa = PBXBuildFile; fileRef = CBB0537C21B3BE1E00BDDC2B /* API+ServiceFeedsPhotosPublic.swift */; };
		CBB0538821B3BE1E00BDDC2B /* API.swift in Sources */ = {isa = PBXBuildFile; fileRef = CBB0537D21B3BE1E00BDDC2B /* API.swift */; };
		CBB0538921B3BE1E00BDDC2B /* AppDelegate.swift in Sources */ = {isa = PBXBuildFile; fileRef = CBB0537E21B3BE1E00BDDC2B /* AppDelegate.swift */; };
		CBB0538A21B3BE1E00BDDC2B /* MainViewController.swift in Sources */ = {isa = PBXBuildFile; fileRef = CBB0538121B3BE1E00BDDC2B /* MainViewController.swift */; };
		CBB0538C21B3BE1E00BDDC2B /* MainViewReactor.swift in Sources */ = {isa = PBXBuildFile; fileRef = CBB0538321B3BE1E00BDDC2B /* MainViewReactor.swift */; };
		CBB0538D21B3BE3C00BDDC2B /* Main.storyboard in Sources */ = {isa = PBXBuildFile; fileRef = CBB0538421B3BE1E00BDDC2B /* Main.storyboard */; };
		CBB0539321B3BFB300BDDC2B /* RxCocoa.framework in Frameworks */ = {isa = PBXBuildFile; fileRef = CBB0538E21B3BFB300BDDC2B /* RxCocoa.framework */; };
		CBB0539421B3BFB300BDDC2B /* RxAtomic.framework in Frameworks */ = {isa = PBXBuildFile; fileRef = CBB0538F21B3BFB300BDDC2B /* RxAtomic.framework */; };
		CBB0539521B3BFB300BDDC2B /* RxSwift.framework in Frameworks */ = {isa = PBXBuildFile; fileRef = CBB0539021B3BFB300BDDC2B /* RxSwift.framework */; };
		CBB0539621B3BFB300BDDC2B /* XMLParsing.framework in Frameworks */ = {isa = PBXBuildFile; fileRef = CBB0539121B3BFB300BDDC2B /* XMLParsing.framework */; };
		CBB0539721B3BFB300BDDC2B /* RxBlocking.framework in Frameworks */ = {isa = PBXBuildFile; fileRef = CBB0539221B3BFB300BDDC2B /* RxBlocking.framework */; };
		CBB053B321B3C89C00BDDC2B /* ReactorKit.framework in Frameworks */ = {isa = PBXBuildFile; fileRef = CBB053B221B3C89C00BDDC2B /* ReactorKit.framework */; };
		CBB053E621B3CC3A00BDDC2B /* APIDefinition.framework in Frameworks */ = {isa = PBXBuildFile; fileRef = CBB053E521B3CC3A00BDDC2B /* APIDefinition.framework */; };
		CBB053E821B3CC3A00BDDC2B /* FoundationExtension.framework in Frameworks */ = {isa = PBXBuildFile; fileRef = CBB053E721B3CC3A00BDDC2B /* FoundationExtension.framework */; };
		CBB053EA21B3CC3A00BDDC2B /* ImageDownloader.framework in Frameworks */ = {isa = PBXBuildFile; fileRef = CBB053E921B3CC3A00BDDC2B /* ImageDownloader.framework */; };
		CBB053EC21B3CC3A00BDDC2B /* Navigator.framework in Frameworks */ = {isa = PBXBuildFile; fileRef = CBB053EB21B3CC3A00BDDC2B /* Navigator.framework */; };
		CBB053EE21B3CC3A00BDDC2B /* UIKitExtension.framework in Frameworks */ = {isa = PBXBuildFile; fileRef = CBB053ED21B3CC3A00BDDC2B /* UIKitExtension.framework */; };
		CBB053F121B3D21C00BDDC2B /* APIDefinition+RxSwift.swift in Sources */ = {isa = PBXBuildFile; fileRef = CBB053F021B3D21C00BDDC2B /* APIDefinition+RxSwift.swift */; };
		CBB053F321B3D28400BDDC2B /* ReactorKitRuntime.framework in Frameworks */ = {isa = PBXBuildFile; fileRef = CBB053F221B3D28400BDDC2B /* ReactorKitRuntime.framework */; };
		CBB053F921B55B1600BDDC2B /* SliderViewController.swift in Sources */ = {isa = PBXBuildFile; fileRef = CBB053F821B55B1600BDDC2B /* SliderViewController.swift */; };
		CBB053FB21B55B2400BDDC2B /* SliderViewBuilder.swift in Sources */ = {isa = PBXBuildFile; fileRef = CBB053FA21B55B2400BDDC2B /* SliderViewBuilder.swift */; };
		CBB053FD21B55B2F00BDDC2B /* SliderViewReactor.swift in Sources */ = {isa = PBXBuildFile; fileRef = CBB053FC21B55B2F00BDDC2B /* SliderViewReactor.swift */; };
		CBB0540321B5717300BDDC2B /* SliderStoryboard.swift in Sources */ = {isa = PBXBuildFile; fileRef = CBB0540221B5717300BDDC2B /* SliderStoryboard.swift */; };
		CBB0540421B5731000BDDC2B /* Slider.storyboard in Sources */ = {isa = PBXBuildFile; fileRef = CBB053F721B55B0500BDDC2B /* Slider.storyboard */; };
		CBB0540621B59EB400BDDC2B /* NumberPromptService.swift in Sources */ = {isa = PBXBuildFile; fileRef = CBB0540521B59EB300BDDC2B /* NumberPromptService.swift */; };
/* End PBXBuildFile section */

/* Begin PBXContainerItemProxy section */
		CB8D02B021B6C8F6005C8009 /* PBXContainerItemProxy */ = {
			isa = PBXContainerItemProxy;
			containerPortal = CB8D02AB21B6C8F6005C8009 /* APIDefinition.xcodeproj */;
			proxyType = 2;
			remoteGlobalIDString = CBF2A9D621B02A000020D4CD;
			remoteInfo = APIDefinition;
		};
		CB8D02B221B6C8F6005C8009 /* PBXContainerItemProxy */ = {
			isa = PBXContainerItemProxy;
			containerPortal = CB8D02AB21B6C8F6005C8009 /* APIDefinition.xcodeproj */;
			proxyType = 2;
			remoteGlobalIDString = CBF2A9DF21B02A010020D4CD;
			remoteInfo = APIDefinitionTests;
		};
		CB8D02B921B6C8FC005C8009 /* PBXContainerItemProxy */ = {
			isa = PBXContainerItemProxy;
			containerPortal = CB8D02B421B6C8FC005C8009 /* FoundationExtension.xcodeproj */;
			proxyType = 2;
			remoteGlobalIDString = E4A6949F21B1462200F564FD;
			remoteInfo = FoundationExtension;
		};
		CB8D02BB21B6C8FC005C8009 /* PBXContainerItemProxy */ = {
			isa = PBXContainerItemProxy;
			containerPortal = CB8D02B421B6C8FC005C8009 /* FoundationExtension.xcodeproj */;
			proxyType = 2;
			remoteGlobalIDString = E4A694A821B1462200F564FD;
			remoteInfo = FoundationExtensionTests;
		};
		CB8D02C221B6C903005C8009 /* PBXContainerItemProxy */ = {
			isa = PBXContainerItemProxy;
			containerPortal = CB8D02BD21B6C902005C8009 /* ImageDownloader.xcodeproj */;
			proxyType = 2;
			remoteGlobalIDString = CB14B93521B39AA40013A85F;
			remoteInfo = ImageDownloader;
		};
		CB8D02C421B6C903005C8009 /* PBXContainerItemProxy */ = {
			isa = PBXContainerItemProxy;
			containerPortal = CB8D02BD21B6C902005C8009 /* ImageDownloader.xcodeproj */;
			proxyType = 2;
			remoteGlobalIDString = CB14B93E21B39AA40013A85F;
			remoteInfo = ImageDownloaderTests;
		};
		CB8D02CB21B6C90B005C8009 /* PBXContainerItemProxy */ = {
			isa = PBXContainerItemProxy;
			containerPortal = CB8D02C621B6C90B005C8009 /* Navigator.xcodeproj */;
			proxyType = 2;
			remoteGlobalIDString = E4A694EF21B14C6A00F564FD;
			remoteInfo = Navigator;
		};
		CB8D02CD21B6C90B005C8009 /* PBXContainerItemProxy */ = {
			isa = PBXContainerItemProxy;
			containerPortal = CB8D02C621B6C90B005C8009 /* Navigator.xcodeproj */;
			proxyType = 2;
			remoteGlobalIDString = E4A694F821B14C6A00F564FD;
			remoteInfo = NavigatorTests;
		};
		CB8D02D421B6C911005C8009 /* PBXContainerItemProxy */ = {
			isa = PBXContainerItemProxy;
			containerPortal = CB8D02CF21B6C911005C8009 /* UIKitExtension.xcodeproj */;
			proxyType = 2;
			remoteGlobalIDString = E4A694C821B14ACF00F564FD;
			remoteInfo = UIKitExtension;
		};
		CB8D02D621B6C911005C8009 /* PBXContainerItemProxy */ = {
			isa = PBXContainerItemProxy;
			containerPortal = CB8D02CF21B6C911005C8009 /* UIKitExtension.xcodeproj */;
			proxyType = 2;
			remoteGlobalIDString = E4A694D121B14ACF00F564FD;
			remoteInfo = UIKitExtensionTests;
		};
		CB8D02D821B6C91E005C8009 /* PBXContainerItemProxy */ = {
			isa = PBXContainerItemProxy;
			containerPortal = CB8D02CF21B6C911005C8009 /* UIKitExtension.xcodeproj */;
			proxyType = 1;
			remoteGlobalIDString = E4A694C721B14ACF00F564FD;
			remoteInfo = UIKitExtension;
		};
		CB8D02DA21B6C91E005C8009 /* PBXContainerItemProxy */ = {
			isa = PBXContainerItemProxy;
			containerPortal = CB8D02C621B6C90B005C8009 /* Navigator.xcodeproj */;
			proxyType = 1;
			remoteGlobalIDString = E4A694EE21B14C6A00F564FD;
			remoteInfo = Navigator;
		};
		CB8D02DC21B6C91E005C8009 /* PBXContainerItemProxy */ = {
			isa = PBXContainerItemProxy;
			containerPortal = CB8D02BD21B6C902005C8009 /* ImageDownloader.xcodeproj */;
			proxyType = 1;
			remoteGlobalIDString = CB14B93421B39AA40013A85F;
			remoteInfo = ImageDownloader;
		};
		CB8D02DE21B6C91E005C8009 /* PBXContainerItemProxy */ = {
			isa = PBXContainerItemProxy;
			containerPortal = CB8D02B421B6C8FC005C8009 /* FoundationExtension.xcodeproj */;
			proxyType = 1;
			remoteGlobalIDString = E4A6949E21B1462200F564FD;
			remoteInfo = FoundationExtension;
		};
		CB8D02E021B6C91E005C8009 /* PBXContainerItemProxy */ = {
			isa = PBXContainerItemProxy;
			containerPortal = CB8D02AB21B6C8F6005C8009 /* APIDefinition.xcodeproj */;
			proxyType = 1;
			remoteGlobalIDString = CBF2A9D521B02A000020D4CD;
			remoteInfo = APIDefinition;
		};
/* End PBXContainerItemProxy section */

/* Begin PBXCopyFilesBuildPhase section */
		CBB053C621B3CBA600BDDC2B /* Embed Frameworks */ = {
			isa = PBXCopyFilesBuildPhase;
			buildActionMask = 2147483647;
			dstPath = "";
			dstSubfolderSpec = 10;
			files = (
			);
			name = "Embed Frameworks";
			runOnlyForDeploymentPostprocessing = 0;
		};
/* End PBXCopyFilesBuildPhase section */

/* Begin PBXFileReference section */
		CB8D02AB21B6C8F6005C8009 /* APIDefinition.xcodeproj */ = {isa = PBXFileReference; lastKnownFileType = "wrapper.pb-project"; name = APIDefinition.xcodeproj; path = APIDefinition/APIDefinition.xcodeproj; sourceTree = "<group>"; };
		CB8D02B421B6C8FC005C8009 /* FoundationExtension.xcodeproj */ = {isa = PBXFileReference; lastKnownFileType = "wrapper.pb-project"; name = FoundationExtension.xcodeproj; path = FoundationExtension/FoundationExtension.xcodeproj; sourceTree = "<group>"; };
		CB8D02BD21B6C902005C8009 /* ImageDownloader.xcodeproj */ = {isa = PBXFileReference; lastKnownFileType = "wrapper.pb-project"; name = ImageDownloader.xcodeproj; path = ImageDownloader/ImageDownloader.xcodeproj; sourceTree = "<group>"; };
		CB8D02C621B6C90B005C8009 /* Navigator.xcodeproj */ = {isa = PBXFileReference; lastKnownFileType = "wrapper.pb-project"; name = Navigator.xcodeproj; path = Navigator/Navigator.xcodeproj; sourceTree = "<group>"; };
		CB8D02CF21B6C911005C8009 /* UIKitExtension.xcodeproj */ = {isa = PBXFileReference; lastKnownFileType = "wrapper.pb-project"; name = UIKitExtension.xcodeproj; path = UIKitExtension/UIKitExtension.xcodeproj; sourceTree = "<group>"; };
		CBB0537721B3BE1E00BDDC2B /* Assets.xcassets */ = {isa = PBXFileReference; lastKnownFileType = folder.assetcatalog; path = Assets.xcassets; sourceTree = "<group>"; };
		CBB0537921B3BE1E00BDDC2B /* Base */ = {isa = PBXFileReference; lastKnownFileType = file.storyboard; name = Base; path = Base.lproj/LaunchScreen.storyboard; sourceTree = "<group>"; };
		CBB0537C21B3BE1E00BDDC2B /* API+ServiceFeedsPhotosPublic.swift */ = {isa = PBXFileReference; fileEncoding = 4; lastKnownFileType = sourcecode.swift; path = "API+ServiceFeedsPhotosPublic.swift"; sourceTree = "<group>"; };
		CBB0537D21B3BE1E00BDDC2B /* API.swift */ = {isa = PBXFileReference; fileEncoding = 4; lastKnownFileType = sourcecode.swift; path = API.swift; sourceTree = "<group>"; };
		CBB0537E21B3BE1E00BDDC2B /* AppDelegate.swift */ = {isa = PBXFileReference; fileEncoding = 4; lastKnownFileType = sourcecode.swift; path = AppDelegate.swift; sourceTree = "<group>"; };
		CBB0538121B3BE1E00BDDC2B /* MainViewController.swift */ = {isa = PBXFileReference; fileEncoding = 4; lastKnownFileType = sourcecode.swift; path = MainViewController.swift; sourceTree = "<group>"; };
		CBB0538321B3BE1E00BDDC2B /* MainViewReactor.swift */ = {isa = PBXFileReference; fileEncoding = 4; lastKnownFileType = sourcecode.swift; path = MainViewReactor.swift; sourceTree = "<group>"; };
		CBB0538521B3BE1E00BDDC2B /* Base */ = {isa = PBXFileReference; lastKnownFileType = file.storyboard; name = Base; path = Base.lproj/Main.storyboard; sourceTree = "<group>"; };
		CBB0538621B3BE1E00BDDC2B /* Info.plist */ = {isa = PBXFileReference; fileEncoding = 4; lastKnownFileType = text.plist.xml; path = Info.plist; sourceTree = "<group>"; };
		CBB0538E21B3BFB300BDDC2B /* RxCocoa.framework */ = {isa = PBXFileReference; lastKnownFileType = wrapper.framework; path = RxCocoa.framework; sourceTree = "<group>"; };
		CBB0538F21B3BFB300BDDC2B /* RxAtomic.framework */ = {isa = PBXFileReference; lastKnownFileType = wrapper.framework; path = RxAtomic.framework; sourceTree = "<group>"; };
		CBB0539021B3BFB300BDDC2B /* RxSwift.framework */ = {isa = PBXFileReference; lastKnownFileType = wrapper.framework; path = RxSwift.framework; sourceTree = "<group>"; };
		CBB0539121B3BFB300BDDC2B /* XMLParsing.framework */ = {isa = PBXFileReference; lastKnownFileType = wrapper.framework; path = XMLParsing.framework; sourceTree = "<group>"; };
		CBB0539221B3BFB300BDDC2B /* RxBlocking.framework */ = {isa = PBXFileReference; lastKnownFileType = wrapper.framework; path = RxBlocking.framework; sourceTree = "<group>"; };
		CBB053B221B3C89C00BDDC2B /* ReactorKit.framework */ = {isa = PBXFileReference; lastKnownFileType = wrapper.framework; path = ReactorKit.framework; sourceTree = "<group>"; };
		CBB053E521B3CC3A00BDDC2B /* APIDefinition.framework */ = {isa = PBXFileReference; explicitFileType = wrapper.framework; path = APIDefinition.framework; sourceTree = BUILT_PRODUCTS_DIR; };
		CBB053E721B3CC3A00BDDC2B /* FoundationExtension.framework */ = {isa = PBXFileReference; explicitFileType = wrapper.framework; path = FoundationExtension.framework; sourceTree = BUILT_PRODUCTS_DIR; };
		CBB053E921B3CC3A00BDDC2B /* ImageDownloader.framework */ = {isa = PBXFileReference; explicitFileType = wrapper.framework; path = ImageDownloader.framework; sourceTree = BUILT_PRODUCTS_DIR; };
		CBB053EB21B3CC3A00BDDC2B /* Navigator.framework */ = {isa = PBXFileReference; explicitFileType = wrapper.framework; path = Navigator.framework; sourceTree = BUILT_PRODUCTS_DIR; };
		CBB053ED21B3CC3A00BDDC2B /* UIKitExtension.framework */ = {isa = PBXFileReference; explicitFileType = wrapper.framework; path = UIKitExtension.framework; sourceTree = BUILT_PRODUCTS_DIR; };
		CBB053F021B3D21C00BDDC2B /* APIDefinition+RxSwift.swift */ = {isa = PBXFileReference; lastKnownFileType = sourcecode.swift; path = "APIDefinition+RxSwift.swift"; sourceTree = "<group>"; };
		CBB053F221B3D28400BDDC2B /* ReactorKitRuntime.framework */ = {isa = PBXFileReference; lastKnownFileType = wrapper.framework; path = ReactorKitRuntime.framework; sourceTree = "<group>"; };
		CBB053F721B55B0500BDDC2B /* Slider.storyboard */ = {isa = PBXFileReference; lastKnownFileType = file.storyboard; path = Slider.storyboard; sourceTree = "<group>"; };
		CBB053F821B55B1600BDDC2B /* SliderViewController.swift */ = {isa = PBXFileReference; lastKnownFileType = sourcecode.swift; path = SliderViewController.swift; sourceTree = "<group>"; };
		CBB053FA21B55B2400BDDC2B /* SliderViewBuilder.swift */ = {isa = PBXFileReference; lastKnownFileType = sourcecode.swift; path = SliderViewBuilder.swift; sourceTree = "<group>"; };
		CBB053FC21B55B2F00BDDC2B /* SliderViewReactor.swift */ = {isa = PBXFileReference; lastKnownFileType = sourcecode.swift; path = SliderViewReactor.swift; sourceTree = "<group>"; };
		CBB0540221B5717300BDDC2B /* SliderStoryboard.swift */ = {isa = PBXFileReference; lastKnownFileType = sourcecode.swift; path = SliderStoryboard.swift; sourceTree = "<group>"; };
		CBB0540521B59EB300BDDC2B /* NumberPromptService.swift */ = {isa = PBXFileReference; lastKnownFileType = sourcecode.swift; path = NumberPromptService.swift; sourceTree = "<group>"; };
		FR_482C0ED4A8534EB16C4A04AFC55B178D /* FlickerPublicPhotosViewer.app */ = {isa = PBXFileReference; explicitFileType = wrapper.application; includeInIndex = 0; path = FlickerPublicPhotosViewer.app; sourceTree = BUILT_PRODUCTS_DIR; };
		FR_89D3B039912CC6871139FE0619606076 /* DifferenceKit.framework */ = {isa = PBXFileReference; lastKnownFileType = wrapper.framework; path = DifferenceKit.framework; sourceTree = "<group>"; };
/* End PBXFileReference section */

/* Begin PBXFrameworksBuildPhase section */
		FBP_F8D90736A6CDDF896256709AF7C229A2 /* Frameworks */ = {
			isa = PBXFrameworksBuildPhase;
			buildActionMask = 2147483647;
			files = (
				CBB053E621B3CC3A00BDDC2B /* APIDefinition.framework in Frameworks */,
				CBB053E821B3CC3A00BDDC2B /* FoundationExtension.framework in Frameworks */,
				CBB053EA21B3CC3A00BDDC2B /* ImageDownloader.framework in Frameworks */,
				CBB053EC21B3CC3A00BDDC2B /* Navigator.framework in Frameworks */,
				CBB053EE21B3CC3A00BDDC2B /* UIKitExtension.framework in Frameworks */,
				CBB0539521B3BFB300BDDC2B /* RxSwift.framework in Frameworks */,
				CBB0539321B3BFB300BDDC2B /* RxCocoa.framework in Frameworks */,
				CBB0539621B3BFB300BDDC2B /* XMLParsing.framework in Frameworks */,
				CBB053B321B3C89C00BDDC2B /* ReactorKit.framework in Frameworks */,
				BF_1923445AD035869013ECA67242F9435D /* DifferenceKit.framework in Frameworks */,
				CBB053F321B3D28400BDDC2B /* ReactorKitRuntime.framework in Frameworks */,
				CBB0539421B3BFB300BDDC2B /* RxAtomic.framework in Frameworks */,
				CBB0539721B3BFB300BDDC2B /* RxBlocking.framework in Frameworks */,
			);
			runOnlyForDeploymentPostprocessing = 0;
		};
/* End PBXFrameworksBuildPhase section */

/* Begin PBXGroup section */
		CB8D02AA21B6C8E0005C8009 /* Frameworks */ = {
			isa = PBXGroup;
			children = (
				CB8D02CF21B6C911005C8009 /* UIKitExtension.xcodeproj */,
				CB8D02C621B6C90B005C8009 /* Navigator.xcodeproj */,
				CB8D02BD21B6C902005C8009 /* ImageDownloader.xcodeproj */,
				CB8D02B421B6C8FC005C8009 /* FoundationExtension.xcodeproj */,
				CB8D02AB21B6C8F6005C8009 /* APIDefinition.xcodeproj */,
			);
			path = Frameworks;
			sourceTree = "<group>";
		};
		CB8D02AC21B6C8F6005C8009 /* Products */ = {
			isa = PBXGroup;
			children = (
				CB8D02B121B6C8F6005C8009 /* APIDefinition.framework */,
				CB8D02B321B6C8F6005C8009 /* APIDefinitionTests.xctest */,
			);
			name = Products;
			sourceTree = "<group>";
		};
		CB8D02B521B6C8FC005C8009 /* Products */ = {
			isa = PBXGroup;
			children = (
				CB8D02BA21B6C8FC005C8009 /* FoundationExtension.framework */,
				CB8D02BC21B6C8FC005C8009 /* FoundationExtensionTests.xctest */,
			);
			name = Products;
			sourceTree = "<group>";
		};
		CB8D02BE21B6C902005C8009 /* Products */ = {
			isa = PBXGroup;
			children = (
				CB8D02C321B6C903005C8009 /* ImageDownloader.framework */,
				CB8D02C521B6C903005C8009 /* ImageDownloaderTests.xctest */,
			);
			name = Products;
			sourceTree = "<group>";
		};
		CB8D02C721B6C90B005C8009 /* Products */ = {
			isa = PBXGroup;
			children = (
				CB8D02CC21B6C90B005C8009 /* Navigator.framework */,
				CB8D02CE21B6C90B005C8009 /* NavigatorTests.xctest */,
			);
			name = Products;
			sourceTree = "<group>";
		};
		CB8D02D021B6C911005C8009 /* Products */ = {
			isa = PBXGroup;
			children = (
				CB8D02D521B6C911005C8009 /* UIKitExtension.framework */,
				CB8D02D721B6C911005C8009 /* UIKitExtensionTests.xctest */,
			);
			name = Products;
			sourceTree = "<group>";
		};
		CBB0537621B3BE1E00BDDC2B /* FlickerPublicPhotosViewer */ = {
			isa = PBXGroup;
			children = (
				CBB0537721B3BE1E00BDDC2B /* Assets.xcassets */,
				CBB0537821B3BE1E00BDDC2B /* LaunchScreen.storyboard */,
				CBB0537E21B3BE1E00BDDC2B /* AppDelegate.swift */,
				CBB0537F21B3BE1E00BDDC2B /* Service */,
				CBB0537A21B3BE1E00BDDC2B /* API */,
				CBB053EF21B3D1FA00BDDC2B /* Extension */,
				CBB0538621B3BE1E00BDDC2B /* Info.plist */,
			);
			path = FlickerPublicPhotosViewer;
			sourceTree = "<group>";
		};
		CBB0537A21B3BE1E00BDDC2B /* API */ = {
			isa = PBXGroup;
			children = (
				CBB0537D21B3BE1E00BDDC2B /* API.swift */,
				CBB0537B21B3BE1E00BDDC2B /* ServiceFeeds */,
			);
			path = API;
			sourceTree = "<group>";
		};
		CBB0537B21B3BE1E00BDDC2B /* ServiceFeeds */ = {
			isa = PBXGroup;
			children = (
				CBB0537C21B3BE1E00BDDC2B /* API+ServiceFeedsPhotosPublic.swift */,
			);
			path = ServiceFeeds;
			sourceTree = "<group>";
		};
		CBB0537F21B3BE1E00BDDC2B /* Service */ = {
			isa = PBXGroup;
			children = (
				CBB0538021B3BE1E00BDDC2B /* Main */,
				CBB053F621B55A8100BDDC2B /* Slider */,
				CBB0540721B59EB800BDDC2B /* AlertController */,
			);
			path = Service;
			sourceTree = "<group>";
		};
		CBB0538021B3BE1E00BDDC2B /* Main */ = {
			isa = PBXGroup;
			children = (
				CBB0538121B3BE1E00BDDC2B /* MainViewController.swift */,
				CBB0538321B3BE1E00BDDC2B /* MainViewReactor.swift */,
				CBB0538421B3BE1E00BDDC2B /* Main.storyboard */,
			);
			path = Main;
			sourceTree = "<group>";
		};
		CBB053EF21B3D1FA00BDDC2B /* Extension */ = {
			isa = PBXGroup;
			children = (
				CBB053F021B3D21C00BDDC2B /* APIDefinition+RxSwift.swift */,
			);
			path = Extension;
			sourceTree = "<group>";
		};
		CBB053F621B55A8100BDDC2B /* Slider */ = {
			isa = PBXGroup;
			children = (
				CBB053F721B55B0500BDDC2B /* Slider.storyboard */,
				CBB0540221B5717300BDDC2B /* SliderStoryboard.swift */,
				CBB053F821B55B1600BDDC2B /* SliderViewController.swift */,
				CBB053FA21B55B2400BDDC2B /* SliderViewBuilder.swift */,
				CBB053FC21B55B2F00BDDC2B /* SliderViewReactor.swift */,
			);
			path = Slider;
			sourceTree = "<group>";
		};
		CBB0540721B59EB800BDDC2B /* AlertController */ = {
			isa = PBXGroup;
			children = (
				CBB0540521B59EB300BDDC2B /* NumberPromptService.swift */,
			);
			path = AlertController;
			sourceTree = "<group>";
		};
		G_2CA8084794685E43C19566A5FC6CDE02 /* iOS */ = {
			isa = PBXGroup;
			children = (
				CBB053F221B3D28400BDDC2B /* ReactorKitRuntime.framework */,
				CBB053B221B3C89C00BDDC2B /* ReactorKit.framework */,
				CBB0538F21B3BFB300BDDC2B /* RxAtomic.framework */,
				CBB0539221B3BFB300BDDC2B /* RxBlocking.framework */,
				CBB0538E21B3BFB300BDDC2B /* RxCocoa.framework */,
				CBB0539021B3BFB300BDDC2B /* RxSwift.framework */,
				CBB0539121B3BFB300BDDC2B /* XMLParsing.framework */,
				FR_89D3B039912CC6871139FE0619606076 /* DifferenceKit.framework */,
			);
			path = iOS;
			sourceTree = "<group>";
		};
		G_2E1A20FC3BB897F47052AC37A82317D5 /* Frameworks */ = {
			isa = PBXGroup;
			children = (
				CBB053E521B3CC3A00BDDC2B /* APIDefinition.framework */,
				CBB053E721B3CC3A00BDDC2B /* FoundationExtension.framework */,
				CBB053E921B3CC3A00BDDC2B /* ImageDownloader.framework */,
				CBB053EB21B3CC3A00BDDC2B /* Navigator.framework */,
				CBB053ED21B3CC3A00BDDC2B /* UIKitExtension.framework */,
				G_E0EDDF4D6A4C32D71D2E32D9E19B50D6 /* Carthage */,
			);
			name = Frameworks;
			sourceTree = "<group>";
		};
		G_4850CAC48C5308B1B8E927EAD9FF09FF /* Products */ = {
			isa = PBXGroup;
			children = (
				FR_482C0ED4A8534EB16C4A04AFC55B178D /* FlickerPublicPhotosViewer.app */,
			);
			name = Products;
			sourceTree = "<group>";
		};
		G_531F8652EE46C6AF552E8C891BACE54E = {
			isa = PBXGroup;
			children = (
				CB8D02AA21B6C8E0005C8009 /* Frameworks */,
				CBB0537621B3BE1E00BDDC2B /* FlickerPublicPhotosViewer */,
				G_2E1A20FC3BB897F47052AC37A82317D5 /* Frameworks */,
				G_4850CAC48C5308B1B8E927EAD9FF09FF /* Products */,
			);
			sourceTree = "<group>";
		};
		G_E0EDDF4D6A4C32D71D2E32D9E19B50D6 /* Carthage */ = {
			isa = PBXGroup;
			children = (
				G_2CA8084794685E43C19566A5FC6CDE02 /* iOS */,
			);
			name = Carthage;
			path = Carthage/Build;
			sourceTree = "<group>";
		};
/* End PBXGroup section */

/* Begin PBXNativeTarget section */
		NT_4EB788E1E6ABE31148B6E8884BB86AC6 /* FlickerPublicPhotosViewer */ = {
			isa = PBXNativeTarget;
			buildConfigurationList = CL_D104F7964012A11CD547EAE2AD3ED7A7 /* Build configuration list for PBXNativeTarget "FlickerPublicPhotosViewer" */;
			buildPhases = (
				SBP_8E12A80C8822168209744B7163C37A6F /* Sources */,
				FBP_F8D90736A6CDDF896256709AF7C229A2 /* Frameworks */,
				SSBP_05B511293BFEEDA895F506977478CF81 /* Carthage */,
				CBB053C621B3CBA600BDDC2B /* Embed Frameworks */,
			);
			buildRules = (
			);
			dependencies = (
				CB8D02D921B6C91E005C8009 /* PBXTargetDependency */,
				CB8D02DB21B6C91E005C8009 /* PBXTargetDependency */,
				CB8D02DD21B6C91E005C8009 /* PBXTargetDependency */,
				CB8D02DF21B6C91E005C8009 /* PBXTargetDependency */,
				CB8D02E121B6C91E005C8009 /* PBXTargetDependency */,
			);
			name = FlickerPublicPhotosViewer;
			productName = FlickerPublicPhotosViewer;
			productReference = FR_482C0ED4A8534EB16C4A04AFC55B178D /* FlickerPublicPhotosViewer.app */;
			productType = "com.apple.product-type.application";
		};
/* End PBXNativeTarget section */

/* Begin PBXProject section */
		P_D533BA5620A8B4C21FDE61778C8921F4 /* Project object */ = {
			isa = PBXProject;
			attributes = {
				LastUpgradeCheck = 1000;
			};
			buildConfigurationList = CL_2ED09A0AB1F17364B198416E105B6AE8 /* Build configuration list for PBXProject "FlickerPublicPhotosViewer" */;
			compatibilityVersion = "Xcode 3.2";
			developmentRegion = en;
			hasScannedForEncodings = 0;
			knownRegions = (
				en,
				Base,
			);
			mainGroup = G_531F8652EE46C6AF552E8C891BACE54E;
			projectDirPath = "";
			projectReferences = (
				{
					ProductGroup = CB8D02AC21B6C8F6005C8009 /* Products */;
					ProjectRef = CB8D02AB21B6C8F6005C8009 /* APIDefinition.xcodeproj */;
				},
				{
					ProductGroup = CB8D02B521B6C8FC005C8009 /* Products */;
					ProjectRef = CB8D02B421B6C8FC005C8009 /* FoundationExtension.xcodeproj */;
				},
				{
					ProductGroup = CB8D02BE21B6C902005C8009 /* Products */;
					ProjectRef = CB8D02BD21B6C902005C8009 /* ImageDownloader.xcodeproj */;
				},
				{
					ProductGroup = CB8D02C721B6C90B005C8009 /* Products */;
					ProjectRef = CB8D02C621B6C90B005C8009 /* Navigator.xcodeproj */;
				},
				{
					ProductGroup = CB8D02D021B6C911005C8009 /* Products */;
					ProjectRef = CB8D02CF21B6C911005C8009 /* UIKitExtension.xcodeproj */;
				},
			);
			projectRoot = "";
			targets = (
				NT_4EB788E1E6ABE31148B6E8884BB86AC6 /* FlickerPublicPhotosViewer */,
			);
		};
/* End PBXProject section */

/* Begin PBXReferenceProxy section */
		CB8D02B121B6C8F6005C8009 /* APIDefinition.framework */ = {
			isa = PBXReferenceProxy;
			fileType = wrapper.framework;
			path = APIDefinition.framework;
			remoteRef = CB8D02B021B6C8F6005C8009 /* PBXContainerItemProxy */;
			sourceTree = BUILT_PRODUCTS_DIR;
		};
		CB8D02B321B6C8F6005C8009 /* APIDefinitionTests.xctest */ = {
			isa = PBXReferenceProxy;
			fileType = wrapper.cfbundle;
			path = APIDefinitionTests.xctest;
			remoteRef = CB8D02B221B6C8F6005C8009 /* PBXContainerItemProxy */;
			sourceTree = BUILT_PRODUCTS_DIR;
		};
		CB8D02BA21B6C8FC005C8009 /* FoundationExtension.framework */ = {
			isa = PBXReferenceProxy;
			fileType = wrapper.framework;
			path = FoundationExtension.framework;
			remoteRef = CB8D02B921B6C8FC005C8009 /* PBXContainerItemProxy */;
			sourceTree = BUILT_PRODUCTS_DIR;
		};
		CB8D02BC21B6C8FC005C8009 /* FoundationExtensionTests.xctest */ = {
			isa = PBXReferenceProxy;
			fileType = wrapper.cfbundle;
			path = FoundationExtensionTests.xctest;
			remoteRef = CB8D02BB21B6C8FC005C8009 /* PBXContainerItemProxy */;
			sourceTree = BUILT_PRODUCTS_DIR;
		};
		CB8D02C321B6C903005C8009 /* ImageDownloader.framework */ = {
			isa = PBXReferenceProxy;
			fileType = wrapper.framework;
			path = ImageDownloader.framework;
			remoteRef = CB8D02C221B6C903005C8009 /* PBXContainerItemProxy */;
			sourceTree = BUILT_PRODUCTS_DIR;
		};
		CB8D02C521B6C903005C8009 /* ImageDownloaderTests.xctest */ = {
			isa = PBXReferenceProxy;
			fileType = wrapper.cfbundle;
			path = ImageDownloaderTests.xctest;
			remoteRef = CB8D02C421B6C903005C8009 /* PBXContainerItemProxy */;
			sourceTree = BUILT_PRODUCTS_DIR;
		};
		CB8D02CC21B6C90B005C8009 /* Navigator.framework */ = {
			isa = PBXReferenceProxy;
			fileType = wrapper.framework;
			path = Navigator.framework;
			remoteRef = CB8D02CB21B6C90B005C8009 /* PBXContainerItemProxy */;
			sourceTree = BUILT_PRODUCTS_DIR;
		};
		CB8D02CE21B6C90B005C8009 /* NavigatorTests.xctest */ = {
			isa = PBXReferenceProxy;
			fileType = wrapper.cfbundle;
			path = NavigatorTests.xctest;
			remoteRef = CB8D02CD21B6C90B005C8009 /* PBXContainerItemProxy */;
			sourceTree = BUILT_PRODUCTS_DIR;
		};
		CB8D02D521B6C911005C8009 /* UIKitExtension.framework */ = {
			isa = PBXReferenceProxy;
			fileType = wrapper.framework;
			path = UIKitExtension.framework;
			remoteRef = CB8D02D421B6C911005C8009 /* PBXContainerItemProxy */;
			sourceTree = BUILT_PRODUCTS_DIR;
		};
		CB8D02D721B6C911005C8009 /* UIKitExtensionTests.xctest */ = {
			isa = PBXReferenceProxy;
			fileType = wrapper.cfbundle;
			path = UIKitExtensionTests.xctest;
			remoteRef = CB8D02D621B6C911005C8009 /* PBXContainerItemProxy */;
			sourceTree = BUILT_PRODUCTS_DIR;
		};
/* End PBXReferenceProxy section */

/* Begin PBXShellScriptBuildPhase section */
		SSBP_05B511293BFEEDA895F506977478CF81 /* Carthage */ = {
			isa = PBXShellScriptBuildPhase;
			buildActionMask = 2147483647;
			files = (
			);
			inputPaths = (
				"$(SRCROOT)/Carthage/Build/iOS/DifferenceKit.framework",
				"$(SRCROOT)/Carthage/Build/iOS/RxAtomic.framework",
				"$(SRCROOT)/Carthage/Build/iOS/RxBlocking.framework",
				"$(SRCROOT)/Carthage/Build/iOS/RxCocoa.framework",
				"$(SRCROOT)/Carthage/Build/iOS/XMLParsing.framework",
				"$(SRCROOT)/Carthage/Build/iOS/RxSwift.framework",
				"$(SRCROOT)/Carthage/Build/iOS/ReactorKit.framework",
				"$(SRCROOT)/Carthage/Build/iOS/ReactorKitRuntime.framework",
			);
			name = Carthage;
			outputPaths = (
				"$(BUILT_PRODUCTS_DIR)/$(FRAMEWORKS_FOLDER_PATH)/DifferenceKit.framework",
				"$(BUILT_PRODUCTS_DIR)/$(FRAMEWORKS_FOLDER_PATH)/RxAtomic.framework",
				"$(BUILT_PRODUCTS_DIR)/$(FRAMEWORKS_FOLDER_PATH)/RxBlocking.framework",
				"$(BUILT_PRODUCTS_DIR)/$(FRAMEWORKS_FOLDER_PATH)/RxCocoa.framework",
				"$(BUILT_PRODUCTS_DIR)/$(FRAMEWORKS_FOLDER_PATH)/XMLParsing.framework",
				"$(BUILT_PRODUCTS_DIR)/$(FRAMEWORKS_FOLDER_PATH)/RxSwift.framework",
				"$(BUILT_PRODUCTS_DIR)/$(FRAMEWORKS_FOLDER_PATH)/ReactorKit.framework",
				"$(BUILT_PRODUCTS_DIR)/$(FRAMEWORKS_FOLDER_PATH)/ReactorKitRuntime.framework",
			);
			runOnlyForDeploymentPostprocessing = 0;
			shellPath = /bin/sh;
			shellScript = "carthage copy-frameworks\n";
		};
/* End PBXShellScriptBuildPhase section */

/* Begin PBXSourcesBuildPhase section */
		SBP_8E12A80C8822168209744B7163C37A6F /* Sources */ = {
			isa = PBXSourcesBuildPhase;
			buildActionMask = 2147483647;
			files = (
				CBB0540421B5731000BDDC2B /* Slider.storyboard in Sources */,
				CBB053F921B55B1600BDDC2B /* SliderViewController.swift in Sources */,
				CBB0538D21B3BE3C00BDDC2B /* Main.storyboard in Sources */,
				CBB0538921B3BE1E00BDDC2B /* AppDelegate.swift in Sources */,
				CBB0538C21B3BE1E00BDDC2B /* MainViewReactor.swift in Sources */,
				CBB053F121B3D21C00BDDC2B /* APIDefinition+RxSwift.swift in Sources */,
				CBB053FB21B55B2400BDDC2B /* SliderViewBuilder.swift in Sources */,
				CBB0538821B3BE1E00BDDC2B /* API.swift in Sources */,
				CBB0538A21B3BE1E00BDDC2B /* MainViewController.swift in Sources */,
				CBB0538721B3BE1E00BDDC2B /* API+ServiceFeedsPhotosPublic.swift in Sources */,
				CBB053FD21B55B2F00BDDC2B /* SliderViewReactor.swift in Sources */,
				CBB0540321B5717300BDDC2B /* SliderStoryboard.swift in Sources */,
				CBB0540621B59EB400BDDC2B /* NumberPromptService.swift in Sources */,
			);
			runOnlyForDeploymentPostprocessing = 0;
		};
/* End PBXSourcesBuildPhase section */

/* Begin PBXTargetDependency section */
		CB8D02D921B6C91E005C8009 /* PBXTargetDependency */ = {
			isa = PBXTargetDependency;
			name = UIKitExtension;
			targetProxy = CB8D02D821B6C91E005C8009 /* PBXContainerItemProxy */;
		};
		CB8D02DB21B6C91E005C8009 /* PBXTargetDependency */ = {
			isa = PBXTargetDependency;
			name = Navigator;
			targetProxy = CB8D02DA21B6C91E005C8009 /* PBXContainerItemProxy */;
		};
		CB8D02DD21B6C91E005C8009 /* PBXTargetDependency */ = {
			isa = PBXTargetDependency;
			name = ImageDownloader;
			targetProxy = CB8D02DC21B6C91E005C8009 /* PBXContainerItemProxy */;
		};
		CB8D02DF21B6C91E005C8009 /* PBXTargetDependency */ = {
			isa = PBXTargetDependency;
			name = FoundationExtension;
			targetProxy = CB8D02DE21B6C91E005C8009 /* PBXContainerItemProxy */;
		};
		CB8D02E121B6C91E005C8009 /* PBXTargetDependency */ = {
			isa = PBXTargetDependency;
			name = APIDefinition;
			targetProxy = CB8D02E021B6C91E005C8009 /* PBXContainerItemProxy */;
		};
/* End PBXTargetDependency section */

/* Begin PBXVariantGroup section */
		CBB0537821B3BE1E00BDDC2B /* LaunchScreen.storyboard */ = {
			isa = PBXVariantGroup;
			children = (
				CBB0537921B3BE1E00BDDC2B /* Base */,
			);
			name = LaunchScreen.storyboard;
			sourceTree = "<group>";
		};
		CBB0538421B3BE1E00BDDC2B /* Main.storyboard */ = {
			isa = PBXVariantGroup;
			children = (
				CBB0538521B3BE1E00BDDC2B /* Base */,
			);
			name = Main.storyboard;
			sourceTree = "<group>";
		};
/* End PBXVariantGroup section */

/* Begin XCBuildConfiguration section */
		BC_05C9CD361A574D214F3BCFA40589269B /* Debug */ = {
			isa = XCBuildConfiguration;
			buildSettings = {
				ALWAYS_EMBED_SWIFT_STANDARD_LIBRARIES = YES;
				ASSETCATALOG_COMPILER_APPICON_NAME = AppIcon;
				CODE_SIGN_IDENTITY = "iPhone Developer";
				FRAMEWORK_SEARCH_PATHS = (
					"$(inherited)",
					"$(PROJECT_DIR)/Carthage/Build/iOS",
				);
				INFOPLIST_FILE = "$(SRCROOT)/FlickerPublicPhotosViewer/Info.plist";
				IPHONEOS_DEPLOYMENT_TARGET = 12.1;
				LD_RUNPATH_SEARCH_PATHS = "$(inherited) @executable_path/Frameworks";
				PRODUCT_BUNDLE_IDENTIFIER = kr.minsone.FlickerPublicPhotosViewer;
				SDKROOT = iphoneos;
				TARGETED_DEVICE_FAMILY = "1,2";
			};
			name = Debug;
		};
		BC_7A18FB6E8715781C39C200761B8C4F85 /* Release */ = {
			isa = XCBuildConfiguration;
			buildSettings = {
				ALWAYS_SEARCH_USER_PATHS = NO;
				CLANG_ANALYZER_NONNULL = YES;
				CLANG_ANALYZER_NUMBER_OBJECT_CONVERSION = YES_AGGRESSIVE;
				CLANG_CXX_LANGUAGE_STANDARD = "gnu++14";
				CLANG_CXX_LIBRARY = "libc++";
				CLANG_ENABLE_MODULES = YES;
				CLANG_ENABLE_OBJC_ARC = YES;
				CLANG_WARN_BLOCK_CAPTURE_AUTORELEASING = YES;
				CLANG_WARN_BOOL_CONVERSION = YES;
				CLANG_WARN_COMMA = YES;
				CLANG_WARN_CONSTANT_CONVERSION = YES;
				CLANG_WARN_DEPRECATED_OBJC_IMPLEMENTATIONS = YES;
				CLANG_WARN_DIRECT_OBJC_ISA_USAGE = YES_ERROR;
				CLANG_WARN_DOCUMENTATION_COMMENTS = YES;
				CLANG_WARN_EMPTY_BODY = YES;
				CLANG_WARN_ENUM_CONVERSION = YES;
				CLANG_WARN_INFINITE_RECURSION = YES;
				CLANG_WARN_INT_CONVERSION = YES;
				CLANG_WARN_NON_LITERAL_NULL_CONVERSION = YES;
				CLANG_WARN_OBJC_IMPLICIT_RETAIN_SELF = YES;
				CLANG_WARN_OBJC_LITERAL_CONVERSION = YES;
				CLANG_WARN_OBJC_ROOT_CLASS = YES_ERROR;
				CLANG_WARN_RANGE_LOOP_ANALYSIS = YES;
				CLANG_WARN_STRICT_PROTOTYPES = YES;
				CLANG_WARN_SUSPICIOUS_MOVE = YES;
				CLANG_WARN_UNGUARDED_AVAILABILITY = YES_AGGRESSIVE;
				CLANG_WARN_UNREACHABLE_CODE = YES;
				CLANG_WARN__DUPLICATE_METHOD_MATCH = YES;
				COPY_PHASE_STRIP = NO;
				DEBUG_INFORMATION_FORMAT = "dwarf-with-dsym";
				ENABLE_NS_ASSERTIONS = NO;
				ENABLE_STRICT_OBJC_MSGSEND = YES;
				GCC_C_LANGUAGE_STANDARD = gnu11;
				GCC_NO_COMMON_BLOCKS = YES;
				GCC_WARN_64_TO_32_BIT_CONVERSION = YES;
				GCC_WARN_ABOUT_RETURN_TYPE = YES_ERROR;
				GCC_WARN_UNDECLARED_SELECTOR = YES;
				GCC_WARN_UNINITIALIZED_AUTOS = YES_AGGRESSIVE;
				GCC_WARN_UNUSED_FUNCTION = YES;
				GCC_WARN_UNUSED_VARIABLE = YES;
				PRODUCT_NAME = "$(TARGET_NAME)";
				SDKROOT = iphoneos;
				SWIFT_OPTIMIZATION_LEVEL = "-Owholemodule";
				SWIFT_VERSION = 4.2;
				VALIDATE_PRODUCT = YES;
			};
			name = Release;
		};
		BC_AA6085B897E3792625CF42278DD3331C /* Release */ = {
			isa = XCBuildConfiguration;
			buildSettings = {
				ALWAYS_EMBED_SWIFT_STANDARD_LIBRARIES = YES;
				ASSETCATALOG_COMPILER_APPICON_NAME = AppIcon;
				CODE_SIGN_IDENTITY = "iPhone Developer";
				FRAMEWORK_SEARCH_PATHS = (
					"$(inherited)",
					"$(PROJECT_DIR)/Carthage/Build/iOS",
				);
				INFOPLIST_FILE = "$(SRCROOT)/FlickerPublicPhotosViewer/Info.plist";
				IPHONEOS_DEPLOYMENT_TARGET = 12.1;
				LD_RUNPATH_SEARCH_PATHS = "$(inherited) @executable_path/Frameworks";
				PRODUCT_BUNDLE_IDENTIFIER = kr.minsone.FlickerPublicPhotosViewer;
				SDKROOT = iphoneos;
				TARGETED_DEVICE_FAMILY = "1,2";
			};
			name = Release;
		};
		BC_B53817E089642F2EF8AD83E736FCF7C7 /* Debug */ = {
			isa = XCBuildConfiguration;
			buildSettings = {
				ALWAYS_SEARCH_USER_PATHS = NO;
				CLANG_ANALYZER_NONNULL = YES;
				CLANG_ANALYZER_NUMBER_OBJECT_CONVERSION = YES_AGGRESSIVE;
				CLANG_CXX_LANGUAGE_STANDARD = "gnu++14";
				CLANG_CXX_LIBRARY = "libc++";
				CLANG_ENABLE_MODULES = YES;
				CLANG_ENABLE_OBJC_ARC = YES;
				CLANG_WARN_BLOCK_CAPTURE_AUTORELEASING = YES;
				CLANG_WARN_BOOL_CONVERSION = YES;
				CLANG_WARN_COMMA = YES;
				CLANG_WARN_CONSTANT_CONVERSION = YES;
				CLANG_WARN_DEPRECATED_OBJC_IMPLEMENTATIONS = YES;
				CLANG_WARN_DIRECT_OBJC_ISA_USAGE = YES_ERROR;
				CLANG_WARN_DOCUMENTATION_COMMENTS = YES;
				CLANG_WARN_EMPTY_BODY = YES;
				CLANG_WARN_ENUM_CONVERSION = YES;
				CLANG_WARN_INFINITE_RECURSION = YES;
				CLANG_WARN_INT_CONVERSION = YES;
				CLANG_WARN_NON_LITERAL_NULL_CONVERSION = YES;
				CLANG_WARN_OBJC_IMPLICIT_RETAIN_SELF = YES;
				CLANG_WARN_OBJC_LITERAL_CONVERSION = YES;
				CLANG_WARN_OBJC_ROOT_CLASS = YES_ERROR;
				CLANG_WARN_RANGE_LOOP_ANALYSIS = YES;
				CLANG_WARN_STRICT_PROTOTYPES = YES;
				CLANG_WARN_SUSPICIOUS_MOVE = YES;
				CLANG_WARN_UNGUARDED_AVAILABILITY = YES_AGGRESSIVE;
				CLANG_WARN_UNREACHABLE_CODE = YES;
				CLANG_WARN__DUPLICATE_METHOD_MATCH = YES;
				COPY_PHASE_STRIP = NO;
				DEBUG_INFORMATION_FORMAT = dwarf;
				ENABLE_STRICT_OBJC_MSGSEND = YES;
				ENABLE_TESTABILITY = YES;
				GCC_C_LANGUAGE_STANDARD = gnu11;
				GCC_DYNAMIC_NO_PIC = NO;
				GCC_NO_COMMON_BLOCKS = YES;
				GCC_OPTIMIZATION_LEVEL = 0;
				GCC_PREPROCESSOR_DEFINITIONS = (
					"$(inherited)",
					"DEBUG=1",
				);
				GCC_WARN_64_TO_32_BIT_CONVERSION = YES;
				GCC_WARN_ABOUT_RETURN_TYPE = YES_ERROR;
				GCC_WARN_UNDECLARED_SELECTOR = YES;
				GCC_WARN_UNINITIALIZED_AUTOS = YES_AGGRESSIVE;
				GCC_WARN_UNUSED_FUNCTION = YES;
				GCC_WARN_UNUSED_VARIABLE = YES;
				MTL_ENABLE_DEBUG_INFO = YES;
				ONLY_ACTIVE_ARCH = YES;
				PRODUCT_NAME = "$(TARGET_NAME)";
				SDKROOT = iphoneos;
				SWIFT_ACTIVE_COMPILATION_CONDITIONS = DEBUG;
				SWIFT_OPTIMIZATION_LEVEL = "-Onone";
				SWIFT_VERSION = 4.2;
			};
			name = Debug;
		};
/* End XCBuildConfiguration section */

/* Begin XCConfigurationList section */
		CL_2ED09A0AB1F17364B198416E105B6AE8 /* Build configuration list for PBXProject "FlickerPublicPhotosViewer" */ = {
			isa = XCConfigurationList;
			buildConfigurations = (
				BC_B53817E089642F2EF8AD83E736FCF7C7 /* Debug */,
				BC_7A18FB6E8715781C39C200761B8C4F85 /* Release */,
			);
			defaultConfigurationIsVisible = 0;
			defaultConfigurationName = Debug;
		};
		CL_D104F7964012A11CD547EAE2AD3ED7A7 /* Build configuration list for PBXNativeTarget "FlickerPublicPhotosViewer" */ = {
			isa = XCConfigurationList;
			buildConfigurations = (
				BC_05C9CD361A574D214F3BCFA40589269B /* Debug */,
				BC_AA6085B897E3792625CF42278DD3331C /* Release */,
			);
			defaultConfigurationIsVisible = 0;
			defaultConfigurationName = "";
		};
/* End XCConfigurationList section */
	};
	rootObject = P_D533BA5620A8B4C21FDE61778C8921F4 /* Project object */;
}
